{
    "_readme": [
        "This file locks the dependencies of your project to a known state",
        "Read more about it at https://getcomposer.org/doc/01-basic-usage.md#installing-dependencies",
        "This file is @generated automatically"
    ],
    "content-hash": "5d01040e72cd4cff2e148f50c001d605",
    "packages": [
        {
            "name": "rospdf/pdf-php",
            "version": "0.12.67",
            "source": {
                "type": "git",
                "url": "https://github.com/rospdf/pdf-php.git",
                "reference": "fce993f08f99305569bb238644c5c35c0db0f85a"
            },
            "dist": {
                "type": "zip",
                "url": "https://api.github.com/repos/rospdf/pdf-php/zipball/fce993f08f99305569bb238644c5c35c0db0f85a",
                "reference": "fce993f08f99305569bb238644c5c35c0db0f85a",
                "shasum": ""
            },
            "require": {
                "php": ">=5.6.0"
            },
            "require-dev": {
                "phpcompatibility/php-compatibility": "^9.3",
                "phpunit/phpunit": "^9.5",
                "squizlabs/php_codesniffer": "^3.7"
            },
            "type": "library",
            "extra": {
                "branch-alias": {
                    "dev-experimental": "0.13.x-dev",
                    "dev-master": "0.12.x-dev"
                }
            },
            "autoload": {
                "files": [
                    "src/Cpdf.php",
                    "src/Cezpdf.php"
                ]
            },
            "notification-url": "https://packagist.org/downloads/",
            "license": [
                "MIT"
            ],
            "authors": [
                {
                    "name": "Ole Koeckemann",
                    "email": "ole.k@web.de",
                    "role": "Project Head / Developer"
                },
                {
                    "name": "Lars Olesen",
                    "email": "lars@intraface.dk",
                    "role": "Developer"
                },
                {
                    "name": "Sune Jensen",
                    "email": "sj@sunet.dk",
                    "role": "Developer"
                },
                {
                    "name": "Nicola Asuni",
                    "email": "info@tecnick.com",
                    "role": "Developer"
                },
                {
                    "name": "Wayne Munro",
                    "email": "pdf@ros.co.nz",
                    "role": "Founder / Inactive"
                }
            ],
            "description": "The R&OS Pdf class supports the creation of PDF documents without any adiditional modules or extensions.",
            "homepage": "https://github.com/rospdf/pdf-php",
            "support": {
                "issues": "https://github.com/rospdf/pdf-php/issues",
                "source": "https://github.com/rospdf/pdf-php/tree/0.12.67"
            },
            "time": "2023-04-20T20:52:13+00:00"
        }
    ],
    "packages-dev": [],
    "aliases": [],
    "minimum-stability": "stable",
    "stability-flags": [],
    "prefer-stable": false,
    "prefer-lowest": false,
    "platform": [],
    "platform-dev": [],
    "plugin-api-version": "2.6.0"
}
